
Microsoft Visual Studio Solution File, Format Version 12.00
# Visual Studio 14
VisualStudioVersion = 14.0.25420.1
MinimumVisualStudioVersion = 10.0.40219.1
Project("{FAE04EC0-301F-11D3-BF4B-00C04F79EFBC}") = "mmk.tiles", "mmk.tiles.csproj", "{F16056C4-C292-466D-A9F8-63928910DE00}"
EndProject
Project("{2150E333-8FDC-42A3-9474-1A3956D46DE8}") = "Configuration", "Configuration", "{EBAD8FF3-A74A-4709-9CBB-573841343763}"
	ProjectSection(SolutionItems) = preProject
		.gitignore = .gitignore
		mmk.tiles.nuspec = mmk.tiles.nuspec
	EndProjectSection
EndProject
Project("{2150E333-8FDC-42A3-9474-1A3956D46DE8}") = "Documentation", "Documentation", "{9A713E03-C772-4CB7-877B-16CC906C2550}"
	ProjectSection(SolutionItems) = preProject
		LICENSE.txt = LICENSE.txt
		Readme.md = Readme.md
	EndProjectSection
EndProject
Global
	GlobalSection(SolutionConfigurationPlatforms) = preSolution
		Debug|Any CPU = Debug|Any CPU
		Release|Any CPU = Release|Any CPU
	EndGlobalSection
	GlobalSection(ProjectConfigurationPlatforms) = postSolution
		{F16056C4-C292-466D-A9F8-63928910DE00}.Debug|Any CPU.ActiveCfg = Debug|Any CPU
		{F16056C4-C292-466D-A9F8-63928910DE00}.Debug|Any CPU.Build.0 = Debug|Any CPU
		{F16056C4-C292-466D-A9F8-63928910DE00}.Release|Any CPU.ActiveCfg = Release|Any CPU
		{F16056C4-C292-466D-A9F8-63928910DE00}.Release|Any CPU.Build.0 = Release|Any CPU
	EndGlobalSection
	GlobalSection(SolutionProperties) = preSolution
		HideSolutionNode = FALSE
	EndGlobalSection
EndGlobal
